
Microsoft Visual Studio Solution File, Format Version 12.00
# Visual Studio 14
VisualStudioVersion = 14.0.25420.1
MinimumVisualStudioVersion = 10.0.40219.1
Project("{FAE04EC0-301F-11D3-BF4B-00C04F79EFBC}") = "String Calculator", "String Calculator\String Calculator.csproj", "{7C744A65-B248-440D-9B4E-992BE45AFC3D}"
EndProject
Project("{FAE04EC0-301F-11D3-BF4B-00C04F79EFBC}") = "TestSuit", "TestSuit\TestSuit.csproj", "{536ACCE9-C874-4118-9295-1F2602BADACE}"
EndProject
Global
	GlobalSection(SolutionConfigurationPlatforms) = preSolution
		Debug|Any CPU = Debug|Any CPU
		Release|Any CPU = Release|Any CPU
	EndGlobalSection
	GlobalSection(ProjectConfigurationPlatforms) = postSolution
		{7C744A65-B248-440D-9B4E-992BE45AFC3D}.Debug|Any CPU.ActiveCfg = Debug|Any CPU
		{7C744A65-B248-440D-9B4E-992BE45AFC3D}.Debug|Any CPU.Build.0 = Debug|Any CPU
		{7C744A65-B248-440D-9B4E-992BE45AFC3D}.Release|Any CPU.ActiveCfg = Release|Any CPU
		{7C744A65-B248-440D-9B4E-992BE45AFC3D}.Release|Any CPU.Build.0 = Release|Any CPU
		{536ACCE9-C874-4118-9295-1F2602BADACE}.Debug|Any CPU.ActiveCfg = Debug|Any CPU
		{536ACCE9-C874-4118-9295-1F2602BADACE}.Debug|Any CPU.Build.0 = Debug|Any CPU
		{536ACCE9-C874-4118-9295-1F2602BADACE}.Release|Any CPU.ActiveCfg = Release|Any CPU
		{536ACCE9-C874-4118-9295-1F2602BADACE}.Release|Any CPU.Build.0 = Release|Any CPU
	EndGlobalSection
	GlobalSection(SolutionProperties) = preSolution
		HideSolutionNode = FALSE
	EndGlobalSection
EndGlobal
